
Microsoft Visual Studio Solution File, Format Version 12.00
# Visual Studio Version 17
VisualStudioVersion = 17.14.36327.8 d17.14
MinimumVisualStudioVersion = 10.0.40219.1
Project("{FAE04EC0-301F-11D3-BF4B-00C04F79EFBC}") = "Assignment 5.2.2", "Assignment 5.2.2.csproj", "{6C85435B-8EBD-4AB7-9A70-0DD7778BDD8C}"
EndProject
Global
	GlobalSection(SolutionConfigurationPlatforms) = preSolution
		Debug|Any CPU = Debug|Any CPU
		Release|Any CPU = Release|Any CPU
	EndGlobalSection
	GlobalSection(ProjectConfigurationPlatforms) = postSolution
		{6C85435B-8EBD-4AB7-9A70-0DD7778BDD8C}.Debug|Any CPU.ActiveCfg = Debug|Any CPU
		{6C85435B-8EBD-4AB7-9A70-0DD7778BDD8C}.Debug|Any CPU.Build.0 = Debug|Any CPU
		{6C85435B-8EBD-4AB7-9A70-0DD7778BDD8C}.Release|Any CPU.ActiveCfg = Release|Any CPU
		{6C85435B-8EBD-4AB7-9A70-0DD7778BDD8C}.Release|Any CPU.Build.0 = Release|Any CPU
	EndGlobalSection
	GlobalSection(SolutionProperties) = preSolution
		HideSolutionNode = FALSE
	EndGlobalSection
	GlobalSection(ExtensibilityGlobals) = postSolution
		SolutionGuid = {DF580315-BE23-4C77-A0B5-506C70A2DF86}
	EndGlobalSection
EndGlobal
